// !$*UTF8*$!
{
	archiveVersion = 1;
	classes = {
	};
	objectVersion = 46;
	objects = {

/* Begin PBXBuildFile section */
		1B7857CB1F0BF92E0050670D /* Main1.storyboard in Resources */ = {isa = PBXBuildFile; fileRef = 1B7857CA1F0BF92E0050670D /* Main1.storyboard */; };
		1B7857CD1F0BF9630050670D /* Main2.storyboard in Resources */ = {isa = PBXBuildFile; fileRef = 1B7857CC1F0BF9630050670D /* Main2.storyboard */; };
		1B7857D01F0C02930050670D /* ListAcountViewController.swift in Sources */ = {isa = PBXBuildFile; fileRef = 1B7857CF1F0C02930050670D /* ListAcountViewController.swift */; };
		1B7857D21F0C058D0050670D /* FormAcountViewController.swift in Sources */ = {isa = PBXBuildFile; fileRef = 1B7857D11F0C058D0050670D /* FormAcountViewController.swift */; };
		1B8BCA921F0E9C0600DA360E /* ZoneSettingViewController.swift in Sources */ = {isa = PBXBuildFile; fileRef = 1B8BCA911F0E9C0600DA360E /* ZoneSettingViewController.swift */; };
		1B8BCA941F0EA7EE00DA360E /* CancelZoneViewController.swift in Sources */ = {isa = PBXBuildFile; fileRef = 1B8BCA931F0EA7EE00DA360E /* CancelZoneViewController.swift */; };
		1B91967D1F0CCFA20088A880 /* CallNumberSettingViewController.swift in Sources */ = {isa = PBXBuildFile; fileRef = 1B91967C1F0CCFA20088A880 /* CallNumberSettingViewController.swift */; };
		1B91967F1F0D036F0088A880 /* SmsNumberSettingViewController.swift in Sources */ = {isa = PBXBuildFile; fileRef = 1B91967E1F0D036F0088A880 /* SmsNumberSettingViewController.swift */; };
		1B9196821F0D08C50088A880 /* ChangePassWordViewController.swift in Sources */ = {isa = PBXBuildFile; fileRef = 1B9196811F0D08C50088A880 /* ChangePassWordViewController.swift */; };
		1B9196851F0D13450088A880 /* LockKeyboardViewController.swift in Sources */ = {isa = PBXBuildFile; fileRef = 1B9196841F0D13450088A880 /* LockKeyboardViewController.swift */; };
		1B9196891F0D32800088A880 /* VolumeSettingViewController.swift in Sources */ = {isa = PBXBuildFile; fileRef = 1B9196881F0D32800088A880 /* VolumeSettingViewController.swift */; };
		1B91968C1F0D40A80088A880 /* DelayValiableViewController.swift in Sources */ = {isa = PBXBuildFile; fileRef = 1B91968B1F0D40A80088A880 /* DelayValiableViewController.swift */; };
		1B91968F1F0D4A7A0088A880 /* AvalibleSettingViewController.swift in Sources */ = {isa = PBXBuildFile; fileRef = 1B91968E1F0D4A7A0088A880 /* AvalibleSettingViewController.swift */; };
		1BA2FB351F0F3EB800CCFA46 /* IntallAutoauthorViewController.swift in Sources */ = {isa = PBXBuildFile; fileRef = 1BA2FB341F0F3EB800CCFA46 /* IntallAutoauthorViewController.swift */; };
		1BED23F01F1A67E50029114D /* VKCheckbox.swift in Sources */ = {isa = PBXBuildFile; fileRef = 1BED23EF1F1A67E50029114D /* VKCheckbox.swift */; };
		1BF80C331F0E1F810020EAF4 /* ChangeMessageViewController.swift in Sources */ = {isa = PBXBuildFile; fileRef = 1BF80C321F0E1F810020EAF4 /* ChangeMessageViewController.swift */; };
		1BF80C361F0E2AC50020EAF4 /* StatusSettingViewController.swift in Sources */ = {isa = PBXBuildFile; fileRef = 1BF80C351F0E2AC50020EAF4 /* StatusSettingViewController.swift */; };
		83AF81AAF53D1F1496514210 /* Pods_AMOS.framework in Frameworks */ = {isa = PBXBuildFile; fileRef = 5F4C1AC0730B2E60E921BB5D /* Pods_AMOS.framework */; };
		BF08CE141F0C107100D68F10 /* ControlCenterViewController.swift in Sources */ = {isa = PBXBuildFile; fileRef = BF08CE131F0C107100D68F10 /* ControlCenterViewController.swift */; };
		BF23E04F1F0D5F5600F30F7E /* Utils.swift in Sources */ = {isa = PBXBuildFile; fileRef = BF23E04E1F0D5F5600F30F7E /* Utils.swift */; };
		BF3E77161F0E1C9B004336FB /* CustomDatePicker.xib in Resources */ = {isa = PBXBuildFile; fileRef = BF3E77151F0E1C9B004336FB /* CustomDatePicker.xib */; };
		BF3E77181F0E1DED004336FB /* CustomDatePicker.swift in Sources */ = {isa = PBXBuildFile; fileRef = BF3E77171F0E1DED004336FB /* CustomDatePicker.swift */; };
		BF3E771D1F0E73B3004336FB /* AutomaticTimeSettingViewController.swift in Sources */ = {isa = PBXBuildFile; fileRef = BF3E771C1F0E73B3004336FB /* AutomaticTimeSettingViewController.swift */; };
		BF61ABE61F0CBBA90093C1F9 /* OptionViewController.swift in Sources */ = {isa = PBXBuildFile; fileRef = BF61ABE51F0CBBA90093C1F9 /* OptionViewController.swift */; };
		BF61ABE91F0CBC380093C1F9 /* UIView+Extension.swift in Sources */ = {isa = PBXBuildFile; fileRef = BF61ABE81F0CBC380093C1F9 /* UIView+Extension.swift */; };
		BF7CA2411F0E950C004AC470 /* CustomPicker2.swift in Sources */ = {isa = PBXBuildFile; fileRef = BF7CA2401F0E950C004AC470 /* CustomPicker2.swift */; };
		BF7CA2431F0EADDA004AC470 /* RealTimeViewController.swift in Sources */ = {isa = PBXBuildFile; fileRef = BF7CA2421F0EADDA004AC470 /* RealTimeViewController.swift */; };
		BF7CA2481F0EB101004AC470 /* CustomHourPicker.xib in Resources */ = {isa = PBXBuildFile; fileRef = BF7CA2471F0EB101004AC470 /* CustomHourPicker.xib */; };
		BF7CA24A1F0EB16E004AC470 /* CustomHourPicker.swift in Sources */ = {isa = PBXBuildFile; fileRef = BF7CA2491F0EB16E004AC470 /* CustomHourPicker.swift */; };
		BFA20DBF1F0BF16B00CED788 /* AppDelegate.swift in Sources */ = {isa = PBXBuildFile; fileRef = BFA20DBE1F0BF16B00CED788 /* AppDelegate.swift */; };
		BFA20DC11F0BF16B00CED788 /* ViewController.swift in Sources */ = {isa = PBXBuildFile; fileRef = BFA20DC01F0BF16B00CED788 /* ViewController.swift */; };
		BFA20DC41F0BF16B00CED788 /* Main3.storyboard in Resources */ = {isa = PBXBuildFile; fileRef = BFA20DC21F0BF16B00CED788 /* Main3.storyboard */; };
		BFA20DC61F0BF16B00CED788 /* Assets.xcassets in Resources */ = {isa = PBXBuildFile; fileRef = BFA20DC51F0BF16B00CED788 /* Assets.xcassets */; };
		BFA20DC91F0BF16B00CED788 /* LaunchScreen.storyboard in Resources */ = {isa = PBXBuildFile; fileRef = BFA20DC71F0BF16B00CED788 /* LaunchScreen.storyboard */; };
		BFA20DD71F0C01B400CED788 /* Device.swift in Sources */ = {isa = PBXBuildFile; fileRef = BFA20DD51F0C01B400CED788 /* Device.swift */; };
		BFA20DD81F0C01B400CED788 /* RealmManager.swift in Sources */ = {isa = PBXBuildFile; fileRef = BFA20DD61F0C01B400CED788 /* RealmManager.swift */; };
		BFA20DDB1F0C09E600CED788 /* PageViewController.swift in Sources */ = {isa = PBXBuildFile; fileRef = BFA20DDA1F0C09E600CED788 /* PageViewController.swift */; };
		BFD0E5E71F0FF238006B120E /* ChangeMessage2ViewController.swift in Sources */ = {isa = PBXBuildFile; fileRef = BFD0E5E61F0FF238006B120E /* ChangeMessage2ViewController.swift */; };
		BFD0E5E91F0FF245006B120E /* StatusSetting2ViewController.swift in Sources */ = {isa = PBXBuildFile; fileRef = BFD0E5E81F0FF245006B120E /* StatusSetting2ViewController.swift */; };
/* End PBXBuildFile section */

/* Begin PBXFileReference section */
		1B7857CA1F0BF92E0050670D /* Main1.storyboard */ = {isa = PBXFileReference; fileEncoding = 4; lastKnownFileType = file.storyboard; path = Main1.storyboard; sourceTree = "<group>"; };
		1B7857CC1F0BF9630050670D /* Main2.storyboard */ = {isa = PBXFileReference; fileEncoding = 4; lastKnownFileType = file.storyboard; path = Main2.storyboard; sourceTree = "<group>"; };
		1B7857CF1F0C02930050670D /* ListAcountViewController.swift */ = {isa = PBXFileReference; fileEncoding = 4; lastKnownFileType = sourcecode.swift; path = ListAcountViewController.swift; sourceTree = "<group>"; };
		1B7857D11F0C058D0050670D /* FormAcountViewController.swift */ = {isa = PBXFileReference; fileEncoding = 4; lastKnownFileType = sourcecode.swift; path = FormAcountViewController.swift; sourceTree = "<group>"; };
		1B8BCA911F0E9C0600DA360E /* ZoneSettingViewController.swift */ = {isa = PBXFileReference; fileEncoding = 4; lastKnownFileType = sourcecode.swift; path = ZoneSettingViewController.swift; sourceTree = "<group>"; };
		1B8BCA931F0EA7EE00DA360E /* CancelZoneViewController.swift */ = {isa = PBXFileReference; fileEncoding = 4; lastKnownFileType = sourcecode.swift; path = CancelZoneViewController.swift; sourceTree = "<group>"; };
		1B91967C1F0CCFA20088A880 /* CallNumberSettingViewController.swift */ = {isa = PBXFileReference; fileEncoding = 4; lastKnownFileType = sourcecode.swift; path = CallNumberSettingViewController.swift; sourceTree = "<group>"; };
		1B91967E1F0D036F0088A880 /* SmsNumberSettingViewController.swift */ = {isa = PBXFileReference; fileEncoding = 4; lastKnownFileType = sourcecode.swift; path = SmsNumberSettingViewController.swift; sourceTree = "<group>"; };
		1B9196811F0D08C50088A880 /* ChangePassWordViewController.swift */ = {isa = PBXFileReference; fileEncoding = 4; lastKnownFileType = sourcecode.swift; path = ChangePassWordViewController.swift; sourceTree = "<group>"; };
		1B9196841F0D13450088A880 /* LockKeyboardViewController.swift */ = {isa = PBXFileReference; fileEncoding = 4; lastKnownFileType = sourcecode.swift; path = LockKeyboardViewController.swift; sourceTree = "<group>"; };
		1B9196881F0D32800088A880 /* VolumeSettingViewController.swift */ = {isa = PBXFileReference; fileEncoding = 4; lastKnownFileType = sourcecode.swift; path = VolumeSettingViewController.swift; sourceTree = "<group>"; };
		1B91968B1F0D40A80088A880 /* DelayValiableViewController.swift */ = {isa = PBXFileReference; fileEncoding = 4; lastKnownFileType = sourcecode.swift; path = DelayValiableViewController.swift; sourceTree = "<group>"; };
		1B91968E1F0D4A7A0088A880 /* AvalibleSettingViewController.swift */ = {isa = PBXFileReference; fileEncoding = 4; lastKnownFileType = sourcecode.swift; path = AvalibleSettingViewController.swift; sourceTree = "<group>"; };
		1BA2FB341F0F3EB800CCFA46 /* IntallAutoauthorViewController.swift */ = {isa = PBXFileReference; fileEncoding = 4; lastKnownFileType = sourcecode.swift; path = IntallAutoauthorViewController.swift; sourceTree = "<group>"; };
		1BED23EF1F1A67E50029114D /* VKCheckbox.swift */ = {isa = PBXFileReference; fileEncoding = 4; lastKnownFileType = sourcecode.swift; path = VKCheckbox.swift; sourceTree = "<group>"; };
		1BF80C321F0E1F810020EAF4 /* ChangeMessageViewController.swift */ = {isa = PBXFileReference; fileEncoding = 4; lastKnownFileType = sourcecode.swift; path = ChangeMessageViewController.swift; sourceTree = "<group>"; };
		1BF80C351F0E2AC50020EAF4 /* StatusSettingViewController.swift */ = {isa = PBXFileReference; fileEncoding = 4; lastKnownFileType = sourcecode.swift; path = StatusSettingViewController.swift; sourceTree = "<group>"; };
		2BB9F9C47BCBA216A60BE3F8 /* Pods-AMOS.debug.xcconfig */ = {isa = PBXFileReference; includeInIndex = 1; lastKnownFileType = text.xcconfig; name = "Pods-AMOS.debug.xcconfig"; path = "Pods/Target Support Files/Pods-AMOS/Pods-AMOS.debug.xcconfig"; sourceTree = "<group>"; };
		5F4C1AC0730B2E60E921BB5D /* Pods_AMOS.framework */ = {isa = PBXFileReference; explicitFileType = wrapper.framework; includeInIndex = 0; path = Pods_AMOS.framework; sourceTree = BUILT_PRODUCTS_DIR; };
		BF08CE131F0C107100D68F10 /* ControlCenterViewController.swift */ = {isa = PBXFileReference; fileEncoding = 4; lastKnownFileType = sourcecode.swift; path = ControlCenterViewController.swift; sourceTree = "<group>"; };
		BF23E04E1F0D5F5600F30F7E /* Utils.swift */ = {isa = PBXFileReference; fileEncoding = 4; lastKnownFileType = sourcecode.swift; path = Utils.swift; sourceTree = "<group>"; };
		BF3E77151F0E1C9B004336FB /* CustomDatePicker.xib */ = {isa = PBXFileReference; fileEncoding = 4; lastKnownFileType = file.xib; path = CustomDatePicker.xib; sourceTree = "<group>"; };
		BF3E77171F0E1DED004336FB /* CustomDatePicker.swift */ = {isa = PBXFileReference; fileEncoding = 4; lastKnownFileType = sourcecode.swift; path = CustomDatePicker.swift; sourceTree = "<group>"; };
		BF3E771C1F0E73B3004336FB /* AutomaticTimeSettingViewController.swift */ = {isa = PBXFileReference; fileEncoding = 4; lastKnownFileType = sourcecode.swift; path = AutomaticTimeSettingViewController.swift; sourceTree = "<group>"; };
		BF61ABE51F0CBBA90093C1F9 /* OptionViewController.swift */ = {isa = PBXFileReference; fileEncoding = 4; lastKnownFileType = sourcecode.swift; path = OptionViewController.swift; sourceTree = "<group>"; };
		BF61ABE81F0CBC380093C1F9 /* UIView+Extension.swift */ = {isa = PBXFileReference; fileEncoding = 4; lastKnownFileType = sourcecode.swift; path = "UIView+Extension.swift"; sourceTree = "<group>"; };
		BF7CA2401F0E950C004AC470 /* CustomPicker2.swift */ = {isa = PBXFileReference; fileEncoding = 4; lastKnownFileType = sourcecode.swift; path = CustomPicker2.swift; sourceTree = "<group>"; };
		BF7CA2421F0EADDA004AC470 /* RealTimeViewController.swift */ = {isa = PBXFileReference; fileEncoding = 4; lastKnownFileType = sourcecode.swift; path = RealTimeViewController.swift; sourceTree = "<group>"; };
		BF7CA2471F0EB101004AC470 /* CustomHourPicker.xib */ = {isa = PBXFileReference; fileEncoding = 4; lastKnownFileType = file.xib; path = CustomHourPicker.xib; sourceTree = "<group>"; };
		BF7CA2491F0EB16E004AC470 /* CustomHourPicker.swift */ = {isa = PBXFileReference; fileEncoding = 4; lastKnownFileType = sourcecode.swift; path = CustomHourPicker.swift; sourceTree = "<group>"; };
		BFA20DBB1F0BF16B00CED788 /* AMOS.app */ = {isa = PBXFileReference; explicitFileType = wrapper.application; includeInIndex = 0; path = AMOS.app; sourceTree = BUILT_PRODUCTS_DIR; };
		BFA20DBE1F0BF16B00CED788 /* AppDelegate.swift */ = {isa = PBXFileReference; lastKnownFileType = sourcecode.swift; path = AppDelegate.swift; sourceTree = "<group>"; };
		BFA20DC01F0BF16B00CED788 /* ViewController.swift */ = {isa = PBXFileReference; lastKnownFileType = sourcecode.swift; path = ViewController.swift; sourceTree = "<group>"; };
		BFA20DC31F0BF16B00CED788 /* Base */ = {isa = PBXFileReference; lastKnownFileType = file.storyboard; name = Base; path = Base.lproj/Main3.storyboard; sourceTree = "<group>"; };
		BFA20DC51F0BF16B00CED788 /* Assets.xcassets */ = {isa = PBXFileReference; lastKnownFileType = folder.assetcatalog; path = Assets.xcassets; sourceTree = "<group>"; };
		BFA20DC81F0BF16B00CED788 /* Base */ = {isa = PBXFileReference; lastKnownFileType = file.storyboard; name = Base; path = Base.lproj/LaunchScreen.storyboard; sourceTree = "<group>"; };
		BFA20DCA1F0BF16B00CED788 /* Info.plist */ = {isa = PBXFileReference; lastKnownFileType = text.plist.xml; path = Info.plist; sourceTree = "<group>"; };
		BFA20DD51F0C01B400CED788 /* Device.swift */ = {isa = PBXFileReference; fileEncoding = 4; lastKnownFileType = sourcecode.swift; path = Device.swift; sourceTree = "<group>"; };
		BFA20DD61F0C01B400CED788 /* RealmManager.swift */ = {isa = PBXFileReference; fileEncoding = 4; lastKnownFileType = sourcecode.swift; path = RealmManager.swift; sourceTree = "<group>"; };
		BFA20DDA1F0C09E600CED788 /* PageViewController.swift */ = {isa = PBXFileReference; fileEncoding = 4; lastKnownFileType = sourcecode.swift; path = PageViewController.swift; sourceTree = "<group>"; };
		BFD0E5E61F0FF238006B120E /* ChangeMessage2ViewController.swift */ = {isa = PBXFileReference; fileEncoding = 4; lastKnownFileType = sourcecode.swift; path = ChangeMessage2ViewController.swift; sourceTree = "<group>"; };
		BFD0E5E81F0FF245006B120E /* StatusSetting2ViewController.swift */ = {isa = PBXFileReference; fileEncoding = 4; lastKnownFileType = sourcecode.swift; path = StatusSetting2ViewController.swift; sourceTree = "<group>"; };
		EC24961287A7B7DA08EE3B17 /* Pods-AMOS.release.xcconfig */ = {isa = PBXFileReference; includeInIndex = 1; lastKnownFileType = text.xcconfig; name = "Pods-AMOS.release.xcconfig"; path = "Pods/Target Support Files/Pods-AMOS/Pods-AMOS.release.xcconfig"; sourceTree = "<group>"; };
/* End PBXFileReference section */

/* Begin PBXFrameworksBuildPhase section */
		BFA20DB81F0BF16B00CED788 /* Frameworks */ = {
			isa = PBXFrameworksBuildPhase;
			buildActionMask = 2147483647;
			files = (
				83AF81AAF53D1F1496514210 /* Pods_AMOS.framework in Frameworks */,
			);
			runOnlyForDeploymentPostprocessing = 0;
		};
/* End PBXFrameworksBuildPhase section */

/* Begin PBXGroup section */
		1B7857CE1F0C02690050670D /* Add Acount */ = {
			isa = PBXGroup;
			children = (
				1B7857CF1F0C02930050670D /* ListAcountViewController.swift */,
				1B7857D11F0C058D0050670D /* FormAcountViewController.swift */,
			);
			name = "Add Acount";
			sourceTree = "<group>";
		};
		1B8BCA901F0E9BD700DA360E /* 3.b.zoneSetting */ = {
			isa = PBXGroup;
			children = (
				1B8BCA911F0E9C0600DA360E /* ZoneSettingViewController.swift */,
			);
			name = 3.b.zoneSetting;
			sourceTree = "<group>";
		};
		1B91967B1F0CCF550088A880 /* 1. CallNumberSetting */ = {
			isa = PBXGroup;
			children = (
				1B91967C1F0CCFA20088A880 /* CallNumberSettingViewController.swift */,
				1B91967E1F0D036F0088A880 /* SmsNumberSettingViewController.swift */,
			);
			name = "1. CallNumberSetting";
			sourceTree = "<group>";
		};
		1B9196801F0D089B0088A880 /* 3. ChangePassWord */ = {
			isa = PBXGroup;
			children = (
				1B9196811F0D08C50088A880 /* ChangePassWordViewController.swift */,
			);
			name = "3. ChangePassWord";
			sourceTree = "<group>";
		};
		1B9196831F0D131C0088A880 /* 4. LockKeyboard */ = {
			isa = PBXGroup;
			children = (
				1B9196841F0D13450088A880 /* LockKeyboardViewController.swift */,
			);
			name = "4. LockKeyboard";
			sourceTree = "<group>";
		};
		1B9196861F0D15460088A880 /* Option */ = {
			isa = PBXGroup;
			children = (
				1BA2FB331F0F3E7400CCFA46 /* 2. InstallAutiauthor */,
				1BA2FB321F0F313C00CCFA46 /* 3.a.1 CalcelZone */,
				1B8BCA901F0E9BD700DA360E /* 3.b.zoneSetting */,
				1BF80C341F0E2A9F0020EAF4 /* StatusSettting */,
				1BF80C311F0E1EC20020EAF4 /* 6. changeMessager */,
				1B91968D1F0D4A460088A880 /* 8. AvalibleSetting */,
				1B91968A1F0D40790088A880 /* 10. Delay */,
				1B9196871F0D31D50088A880 /* 7. VolumeSetting */,
				1B9196831F0D131C0088A880 /* 4. LockKeyboard */,
				1B9196801F0D089B0088A880 /* 3. ChangePassWord */,
				1B91967B1F0CCF550088A880 /* 1. CallNumberSetting */,
				BF3E771E1F0E73B7004336FB /* 3. Automatic Time */,
				BF7CA2441F0EAFB2004AC470 /* 2. Real Time */,
			);
			name = Option;
			sourceTree = "<group>";
		};
		1B9196871F0D31D50088A880 /* 7. VolumeSetting */ = {
			isa = PBXGroup;
			children = (
				1B9196881F0D32800088A880 /* VolumeSettingViewController.swift */,
			);
			name = "7. VolumeSetting";
			sourceTree = "<group>";
		};
		1B91968A1F0D40790088A880 /* 10. Delay */ = {
			isa = PBXGroup;
			children = (
				1B91968B1F0D40A80088A880 /* DelayValiableViewController.swift */,
			);
			name = "10. Delay";
			sourceTree = "<group>";
		};
		1B91968D1F0D4A460088A880 /* 8. AvalibleSetting */ = {
			isa = PBXGroup;
			children = (
				1B91968E1F0D4A7A0088A880 /* AvalibleSettingViewController.swift */,
			);
			name = "8. AvalibleSetting";
			sourceTree = "<group>";
		};
		1BA2FB321F0F313C00CCFA46 /* 3.a.1 CalcelZone */ = {
			isa = PBXGroup;
			children = (
				1B8BCA931F0EA7EE00DA360E /* CancelZoneViewController.swift */,
			);
			name = "3.a.1 CalcelZone";
			sourceTree = "<group>";
		};
		1BA2FB331F0F3E7400CCFA46 /* 2. InstallAutiauthor */ = {
			isa = PBXGroup;
			children = (
				1BA2FB341F0F3EB800CCFA46 /* IntallAutoauthorViewController.swift */,
			);
			name = "2. InstallAutiauthor";
			sourceTree = "<group>";
		};
		1BED23E81F1A585D0029114D /* CheckBox */ = {
			isa = PBXGroup;
			children = (
				1BED23EF1F1A67E50029114D /* VKCheckbox.swift */,
			);
			name = CheckBox;
			sourceTree = "<group>";
		};
		1BF80C311F0E1EC20020EAF4 /* 6. changeMessager */ = {
			isa = PBXGroup;
			children = (
				1BF80C321F0E1F810020EAF4 /* ChangeMessageViewController.swift */,
				BFD0E5E61F0FF238006B120E /* ChangeMessage2ViewController.swift */,
			);
			name = "6. changeMessager";
			sourceTree = "<group>";
		};
		1BF80C341F0E2A9F0020EAF4 /* StatusSettting */ = {
			isa = PBXGroup;
			children = (
				1BF80C351F0E2AC50020EAF4 /* StatusSettingViewController.swift */,
				BFD0E5E81F0FF245006B120E /* StatusSetting2ViewController.swift */,
			);
			name = StatusSettting;
			sourceTree = "<group>";
		};
		A8A74696E926726440B5D328 /* Frameworks */ = {
			isa = PBXGroup;
			children = (
				5F4C1AC0730B2E60E921BB5D /* Pods_AMOS.framework */,
			);
			name = Frameworks;
			sourceTree = "<group>";
		};
		BF08CE151F0C107500D68F10 /* Control Center */ = {
			isa = PBXGroup;
			children = (
				BF08CE131F0C107100D68F10 /* ControlCenterViewController.swift */,
				BF61ABE51F0CBBA90093C1F9 /* OptionViewController.swift */,
				BFA20DDA1F0C09E600CED788 /* PageViewController.swift */,
				BF3E771B1F0E7346004336FB /* Custom View */,
			);
			name = "Control Center";
			sourceTree = "<group>";
		};
		BF3E771B1F0E7346004336FB /* Custom View */ = {
			isa = PBXGroup;
			children = (
				BF3E77151F0E1C9B004336FB /* CustomDatePicker.xib */,
				BF3E77171F0E1DED004336FB /* CustomDatePicker.swift */,
				BF7CA2401F0E950C004AC470 /* CustomPicker2.swift */,
			);
			name = "Custom View";
			sourceTree = "<group>";
		};
		BF3E771E1F0E73B7004336FB /* 3. Automatic Time */ = {
			isa = PBXGroup;
			children = (
				BF3E771C1F0E73B3004336FB /* AutomaticTimeSettingViewController.swift */,
			);
			name = "3. Automatic Time";
			sourceTree = "<group>";
		};
		BF61ABE71F0CBC280093C1F9 /* Helper */ = {
			isa = PBXGroup;
			children = (
				BF61ABEA1F0CBC3C0093C1F9 /* Extension */,
				BF23E04E1F0D5F5600F30F7E /* Utils.swift */,
			);
			name = Helper;
			sourceTree = "<group>";
		};
		BF61ABEA1F0CBC3C0093C1F9 /* Extension */ = {
			isa = PBXGroup;
			children = (
				BF61ABE81F0CBC380093C1F9 /* UIView+Extension.swift */,
			);
			name = Extension;
			sourceTree = "<group>";
		};
		BF7CA2441F0EAFB2004AC470 /* 2. Real Time */ = {
			isa = PBXGroup;
			children = (
				BF7CA2421F0EADDA004AC470 /* RealTimeViewController.swift */,
				BF7CA2471F0EB101004AC470 /* CustomHourPicker.xib */,
				BF7CA2491F0EB16E004AC470 /* CustomHourPicker.swift */,
			);
			name = "2. Real Time";
			sourceTree = "<group>";
		};
		BFA20DB21F0BF16B00CED788 = {
			isa = PBXGroup;
			children = (
				BFA20DBD1F0BF16B00CED788 /* AMOS */,
				BFA20DBC1F0BF16B00CED788 /* Products */,
				D5103C6F5BA9AF1BB1DED1B9 /* Pods */,
				A8A74696E926726440B5D328 /* Frameworks */,
			);
			sourceTree = "<group>";
		};
		BFA20DBC1F0BF16B00CED788 /* Products */ = {
			isa = PBXGroup;
			children = (
				BFA20DBB1F0BF16B00CED788 /* AMOS.app */,
			);
			name = Products;
			sourceTree = "<group>";
		};
		BFA20DBD1F0BF16B00CED788 /* AMOS */ = {
			isa = PBXGroup;
			children = (
				1BED23E81F1A585D0029114D /* CheckBox */,
				1B9196861F0D15460088A880 /* Option */,
				BF61ABE71F0CBC280093C1F9 /* Helper */,
				BFA20DD91F0C01B900CED788 /* Entity */,
				1B7857CE1F0C02690050670D /* Add Acount */,
				BF08CE151F0C107500D68F10 /* Control Center */,
				BFA20DD61F0C01B400CED788 /* RealmManager.swift */,
				BFA20DBE1F0BF16B00CED788 /* AppDelegate.swift */,
				BFA20DC01F0BF16B00CED788 /* ViewController.swift */,
				BFA20DC51F0BF16B00CED788 /* Assets.xcassets */,
				BFA20DC71F0BF16B00CED788 /* LaunchScreen.storyboard */,
				BFA20DCA1F0BF16B00CED788 /* Info.plist */,
				BFA20DC21F0BF16B00CED788 /* Main3.storyboard */,
				1B7857CC1F0BF9630050670D /* Main2.storyboard */,
				1B7857CA1F0BF92E0050670D /* Main1.storyboard */,
			);
			path = AMOS;
			sourceTree = "<group>";
		};
		BFA20DD91F0C01B900CED788 /* Entity */ = {
			isa = PBXGroup;
			children = (
				BFA20DD51F0C01B400CED788 /* Device.swift */,
			);
			name = Entity;
			sourceTree = "<group>";
		};
		D5103C6F5BA9AF1BB1DED1B9 /* Pods */ = {
			isa = PBXGroup;
			children = (
				2BB9F9C47BCBA216A60BE3F8 /* Pods-AMOS.debug.xcconfig */,
				EC24961287A7B7DA08EE3B17 /* Pods-AMOS.release.xcconfig */,
			);
			name = Pods;
			sourceTree = "<group>";
		};
/* End PBXGroup section */

/* Begin PBXNativeTarget section */
		BFA20DBA1F0BF16B00CED788 /* AMOS */ = {
			isa = PBXNativeTarget;
			buildConfigurationList = BFA20DCD1F0BF16B00CED788 /* Build configuration list for PBXNativeTarget "AMOS" */;
			buildPhases = (
				C9AA278206B42D97F555138D /* [CP] Check Pods Manifest.lock */,
				BFA20DB71F0BF16B00CED788 /* Sources */,
				BFA20DB81F0BF16B00CED788 /* Frameworks */,
				BFA20DB91F0BF16B00CED788 /* Resources */,
				C27B7303AEE9F6DA511BA91F /* [CP] Embed Pods Frameworks */,
				E5E60119263BB7CCBF4CE8AB /* [CP] Copy Pods Resources */,
			);
			buildRules = (
			);
			dependencies = (
			);
			name = AMOS;
			productName = AMOS;
			productReference = BFA20DBB1F0BF16B00CED788 /* AMOS.app */;
			productType = "com.apple.product-type.application";
		};
/* End PBXNativeTarget section */

/* Begin PBXProject section */
		BFA20DB31F0BF16B00CED788 /* Project object */ = {
			isa = PBXProject;
			attributes = {
				LastSwiftUpdateCheck = 0830;
				LastUpgradeCheck = 0830;
				ORGANIZATIONNAME = "Jimmy Hoang";
				TargetAttributes = {
					BFA20DBA1F0BF16B00CED788 = {
						CreatedOnToolsVersion = 8.3.2;
						DevelopmentTeam = 6TR7MM2V64;
						ProvisioningStyle = Automatic;
					};
				};
			};
			buildConfigurationList = BFA20DB61F0BF16B00CED788 /* Build configuration list for PBXProject "AMOS" */;
			compatibilityVersion = "Xcode 3.2";
			developmentRegion = English;
			hasScannedForEncodings = 0;
			knownRegions = (
				en,
				Base,
			);
			mainGroup = BFA20DB21F0BF16B00CED788;
			productRefGroup = BFA20DBC1F0BF16B00CED788 /* Products */;
			projectDirPath = "";
			projectRoot = "";
			targets = (
				BFA20DBA1F0BF16B00CED788 /* AMOS */,
			);
		};
/* End PBXProject section */

/* Begin PBXResourcesBuildPhase section */
		BFA20DB91F0BF16B00CED788 /* Resources */ = {
			isa = PBXResourcesBuildPhase;
			buildActionMask = 2147483647;
			files = (
				BFA20DC91F0BF16B00CED788 /* LaunchScreen.storyboard in Resources */,
				1B7857CB1F0BF92E0050670D /* Main1.storyboard in Resources */,
				BFA20DC61F0BF16B00CED788 /* Assets.xcassets in Resources */,
				BF7CA2481F0EB101004AC470 /* CustomHourPicker.xib in Resources */,
				1B7857CD1F0BF9630050670D /* Main2.storyboard in Resources */,
				BF3E77161F0E1C9B004336FB /* CustomDatePicker.xib in Resources */,
				BFA20DC41F0BF16B00CED788 /* Main3.storyboard in Resources */,
			);
			runOnlyForDeploymentPostprocessing = 0;
		};
/* End PBXResourcesBuildPhase section */

/* Begin PBXShellScriptBuildPhase section */
		C27B7303AEE9F6DA511BA91F /* [CP] Embed Pods Frameworks */ = {
			isa = PBXShellScriptBuildPhase;
			buildActionMask = 2147483647;
			files = (
			);
			inputPaths = (
			);
			name = "[CP] Embed Pods Frameworks";
			outputPaths = (
			);
			runOnlyForDeploymentPostprocessing = 0;
			shellPath = /bin/sh;
			shellScript = "\"${SRCROOT}/Pods/Target Support Files/Pods-AMOS/Pods-AMOS-frameworks.sh\"\n";
			showEnvVarsInLog = 0;
		};
		C9AA278206B42D97F555138D /* [CP] Check Pods Manifest.lock */ = {
			isa = PBXShellScriptBuildPhase;
			buildActionMask = 2147483647;
			files = (
			);
			inputPaths = (
			);
			name = "[CP] Check Pods Manifest.lock";
			outputPaths = (
			);
			runOnlyForDeploymentPostprocessing = 0;
			shellPath = /bin/sh;
			shellScript = "diff \"${PODS_ROOT}/../Podfile.lock\" \"${PODS_ROOT}/Manifest.lock\" > /dev/null\nif [ $? != 0 ] ; then\n    # print error to STDERR\n    echo \"error: The sandbox is not in sync with the Podfile.lock. Run 'pod install' or update your CocoaPods installation.\" >&2\n    exit 1\nfi\n";
			showEnvVarsInLog = 0;
		};
		E5E60119263BB7CCBF4CE8AB /* [CP] Copy Pods Resources */ = {
			isa = PBXShellScriptBuildPhase;
			buildActionMask = 2147483647;
			files = (
			);
			inputPaths = (
			);
			name = "[CP] Copy Pods Resources";
			outputPaths = (
			);
			runOnlyForDeploymentPostprocessing = 0;
			shellPath = /bin/sh;
			shellScript = "\"${SRCROOT}/Pods/Target Support Files/Pods-AMOS/Pods-AMOS-resources.sh\"\n";
			showEnvVarsInLog = 0;
		};
/* End PBXShellScriptBuildPhase section */

/* Begin PBXSourcesBuildPhase section */
		BFA20DB71F0BF16B00CED788 /* Sources */ = {
			isa = PBXSourcesBuildPhase;
			buildActionMask = 2147483647;
			files = (
				BF3E771D1F0E73B3004336FB /* AutomaticTimeSettingViewController.swift in Sources */,
				1B9196851F0D13450088A880 /* LockKeyboardViewController.swift in Sources */,
				1B7857D01F0C02930050670D /* ListAcountViewController.swift in Sources */,
				BF3E77181F0E1DED004336FB /* CustomDatePicker.swift in Sources */,
				1B8BCA921F0E9C0600DA360E /* ZoneSettingViewController.swift in Sources */,
				BFA20DD71F0C01B400CED788 /* Device.swift in Sources */,
				BF61ABE61F0CBBA90093C1F9 /* OptionViewController.swift in Sources */,
				1BF80C331F0E1F810020EAF4 /* ChangeMessageViewController.swift in Sources */,
				BFA20DDB1F0C09E600CED788 /* PageViewController.swift in Sources */,
				BFA20DD81F0C01B400CED788 /* RealmManager.swift in Sources */,
				1BA2FB351F0F3EB800CCFA46 /* IntallAutoauthorViewController.swift in Sources */,
				1B9196821F0D08C50088A880 /* ChangePassWordViewController.swift in Sources */,
				BFA20DC11F0BF16B00CED788 /* ViewController.swift in Sources */,
				BFD0E5E71F0FF238006B120E /* ChangeMessage2ViewController.swift in Sources */,
				BFD0E5E91F0FF245006B120E /* StatusSetting2ViewController.swift in Sources */,
				1B9196891F0D32800088A880 /* VolumeSettingViewController.swift in Sources */,
				BF7CA2431F0EADDA004AC470 /* RealTimeViewController.swift in Sources */,
				BF7CA24A1F0EB16E004AC470 /* CustomHourPicker.swift in Sources */,
				1BED23F01F1A67E50029114D /* VKCheckbox.swift in Sources */,
				1B7857D21F0C058D0050670D /* FormAcountViewController.swift in Sources */,
				BFA20DBF1F0BF16B00CED788 /* AppDelegate.swift in Sources */,
				BF23E04F1F0D5F5600F30F7E /* Utils.swift in Sources */,
				1B91967F1F0D036F0088A880 /* SmsNumberSettingViewController.swift in Sources */,
				BF7CA2411F0E950C004AC470 /* CustomPicker2.swift in Sources */,
				BF61ABE91F0CBC380093C1F9 /* UIView+Extension.swift in Sources */,
				1B8BCA941F0EA7EE00DA360E /* CancelZoneViewController.swift in Sources */,
				1B91967D1F0CCFA20088A880 /* CallNumberSettingViewController.swift in Sources */,
				1B91968C1F0D40A80088A880 /* DelayValiableViewController.swift in Sources */,
				BF08CE141F0C107100D68F10 /* ControlCenterViewController.swift in Sources */,
				1B91968F1F0D4A7A0088A880 /* AvalibleSettingViewController.swift in Sources */,
				1BF80C361F0E2AC50020EAF4 /* StatusSettingViewController.swift in Sources */,
			);
			runOnlyForDeploymentPostprocessing = 0;
		};
/* End PBXSourcesBuildPhase section */

/* Begin PBXVariantGroup section */
		BFA20DC21F0BF16B00CED788 /* Main3.storyboard */ = {
			isa = PBXVariantGroup;
			children = (
				BFA20DC31F0BF16B00CED788 /* Base */,
			);
			name = Main3.storyboard;
			sourceTree = "<group>";
		};
		BFA20DC71F0BF16B00CED788 /* LaunchScreen.storyboard */ = {
			isa = PBXVariantGroup;
			children = (
				BFA20DC81F0BF16B00CED788 /* Base */,
			);
			name = LaunchScreen.storyboard;
			sourceTree = "<group>";
		};
/* End PBXVariantGroup section */

/* Begin XCBuildConfiguration section */
		BFA20DCB1F0BF16B00CED788 /* Debug */ = {
			isa = XCBuildConfiguration;
			buildSettings = {
				ALWAYS_SEARCH_USER_PATHS = NO;
				CLANG_ANALYZER_NONNULL = YES;
				CLANG_ANALYZER_NUMBER_OBJECT_CONVERSION = YES_AGGRESSIVE;
				CLANG_CXX_LANGUAGE_STANDARD = "gnu++0x";
				CLANG_CXX_LIBRARY = "libc++";
				CLANG_ENABLE_MODULES = YES;
				CLANG_ENABLE_OBJC_ARC = YES;
				CLANG_WARN_BOOL_CONVERSION = YES;
				CLANG_WARN_CONSTANT_CONVERSION = YES;
				CLANG_WARN_DIRECT_OBJC_ISA_USAGE = YES_ERROR;
				CLANG_WARN_DOCUMENTATION_COMMENTS = YES;
				CLANG_WARN_EMPTY_BODY = YES;
				CLANG_WARN_ENUM_CONVERSION = YES;
				CLANG_WARN_INFINITE_RECURSION = YES;
				CLANG_WARN_INT_CONVERSION = YES;
				CLANG_WARN_OBJC_ROOT_CLASS = YES_ERROR;
				CLANG_WARN_SUSPICIOUS_MOVE = YES;
				CLANG_WARN_UNREACHABLE_CODE = YES;
				CLANG_WARN__DUPLICATE_METHOD_MATCH = YES;
				"CODE_SIGN_IDENTITY[sdk=iphoneos*]" = "iPhone Developer";
				COPY_PHASE_STRIP = NO;
				DEBUG_INFORMATION_FORMAT = dwarf;
				ENABLE_STRICT_OBJC_MSGSEND = YES;
				ENABLE_TESTABILITY = YES;
				GCC_C_LANGUAGE_STANDARD = gnu99;
				GCC_DYNAMIC_NO_PIC = NO;
				GCC_NO_COMMON_BLOCKS = YES;
				GCC_OPTIMIZATION_LEVEL = 0;
				GCC_PREPROCESSOR_DEFINITIONS = (
					"DEBUG=1",
					"$(inherited)",
				);
				GCC_WARN_64_TO_32_BIT_CONVERSION = YES;
				GCC_WARN_ABOUT_RETURN_TYPE = YES_ERROR;
				GCC_WARN_UNDECLARED_SELECTOR = YES;
				GCC_WARN_UNINITIALIZED_AUTOS = YES_AGGRESSIVE;
				GCC_WARN_UNUSED_FUNCTION = YES;
				GCC_WARN_UNUSED_VARIABLE = YES;
				IPHONEOS_DEPLOYMENT_TARGET = 10.3;
				MTL_ENABLE_DEBUG_INFO = YES;
				ONLY_ACTIVE_ARCH = YES;
				SDKROOT = iphoneos;
				SWIFT_ACTIVE_COMPILATION_CONDITIONS = DEBUG;
				SWIFT_OPTIMIZATION_LEVEL = "-Onone";
				TARGETED_DEVICE_FAMILY = "1,2";
			};
			name = Debug;
		};
		BFA20DCC1F0BF16B00CED788 /* Release */ = {
			isa = XCBuildConfiguration;
			buildSettings = {
				ALWAYS_SEARCH_USER_PATHS = NO;
				CLANG_ANALYZER_NONNULL = YES;
				CLANG_ANALYZER_NUMBER_OBJECT_CONVERSION = YES_AGGRESSIVE;
				CLANG_CXX_LANGUAGE_STANDARD = "gnu++0x";
				CLANG_CXX_LIBRARY = "libc++";
				CLANG_ENABLE_MODULES = YES;
				CLANG_ENABLE_OBJC_ARC = YES;
				CLANG_WARN_BOOL_CONVERSION = YES;
				CLANG_WARN_CONSTANT_CONVERSION = YES;
				CLANG_WARN_DIRECT_OBJC_ISA_USAGE = YES_ERROR;
				CLANG_WARN_DOCUMENTATION_COMMENTS = YES;
				CLANG_WARN_EMPTY_BODY = YES;
				CLANG_WARN_ENUM_CONVERSION = YES;
				CLANG_WARN_INFINITE_RECURSION = YES;
				CLANG_WARN_INT_CONVERSION = YES;
				CLANG_WARN_OBJC_ROOT_CLASS = YES_ERROR;
				CLANG_WARN_SUSPICIOUS_MOVE = YES;
				CLANG_WARN_UNREACHABLE_CODE = YES;
				CLANG_WARN__DUPLICATE_METHOD_MATCH = YES;
				"CODE_SIGN_IDENTITY[sdk=iphoneos*]" = "iPhone Developer";
				COPY_PHASE_STRIP = NO;
				DEBUG_INFORMATION_FORMAT = "dwarf-with-dsym";
				ENABLE_NS_ASSERTIONS = NO;
				ENABLE_STRICT_OBJC_MSGSEND = YES;
				GCC_C_LANGUAGE_STANDARD = gnu99;
				GCC_NO_COMMON_BLOCKS = YES;
				GCC_WARN_64_TO_32_BIT_CONVERSION = YES;
				GCC_WARN_ABOUT_RETURN_TYPE = YES_ERROR;
				GCC_WARN_UNDECLARED_SELECTOR = YES;
				GCC_WARN_UNINITIALIZED_AUTOS = YES_AGGRESSIVE;
				GCC_WARN_UNUSED_FUNCTION = YES;
				GCC_WARN_UNUSED_VARIABLE = YES;
				IPHONEOS_DEPLOYMENT_TARGET = 10.3;
				MTL_ENABLE_DEBUG_INFO = NO;
				SDKROOT = iphoneos;
				SWIFT_OPTIMIZATION_LEVEL = "-Owholemodule";
				TARGETED_DEVICE_FAMILY = "1,2";
				VALIDATE_PRODUCT = YES;
			};
			name = Release;
		};
		BFA20DCE1F0BF16B00CED788 /* Debug */ = {
			isa = XCBuildConfiguration;
			baseConfigurationReference = 2BB9F9C47BCBA216A60BE3F8 /* Pods-AMOS.debug.xcconfig */;
			buildSettings = {
				ASSETCATALOG_COMPILER_APPICON_NAME = AppIcon;
				DEVELOPMENT_TEAM = 6TR7MM2V64;
				INFOPLIST_FILE = AMOS/Info.plist;
				IPHONEOS_DEPLOYMENT_TARGET = 8.0;
				LD_RUNPATH_SEARCH_PATHS = "$(inherited) @executable_path/Frameworks";
				PRODUCT_BUNDLE_IDENTIFIER = com.lienketsoftware.AMOS;
				PRODUCT_NAME = "$(TARGET_NAME)";
				SWIFT_VERSION = 3.0;
			};
			name = Debug;
		};
		BFA20DCF1F0BF16B00CED788 /* Release */ = {
			isa = XCBuildConfiguration;
			baseConfigurationReference = EC24961287A7B7DA08EE3B17 /* Pods-AMOS.release.xcconfig */;
			buildSettings = {
				ASSETCATALOG_COMPILER_APPICON_NAME = AppIcon;
				DEVELOPMENT_TEAM = 6TR7MM2V64;
				INFOPLIST_FILE = AMOS/Info.plist;
				IPHONEOS_DEPLOYMENT_TARGET = 8.0;
				LD_RUNPATH_SEARCH_PATHS = "$(inherited) @executable_path/Frameworks";
				PRODUCT_BUNDLE_IDENTIFIER = com.lienketsoftware.AMOS;
				PRODUCT_NAME = "$(TARGET_NAME)";
				SWIFT_VERSION = 3.0;
			};
			name = Release;
		};
/* End XCBuildConfiguration section */

/* Begin XCConfigurationList section */
		BFA20DB61F0BF16B00CED788 /* Build configuration list for PBXProject "AMOS" */ = {
			isa = XCConfigurationList;
			buildConfigurations = (
				BFA20DCB1F0BF16B00CED788 /* Debug */,
				BFA20DCC1F0BF16B00CED788 /* Release */,
			);
			defaultConfigurationIsVisible = 0;
			defaultConfigurationName = Release;
		};
		BFA20DCD1F0BF16B00CED788 /* Build configuration list for PBXNativeTarget "AMOS" */ = {
			isa = XCConfigurationList;
			buildConfigurations = (
				BFA20DCE1F0BF16B00CED788 /* Debug */,
				BFA20DCF1F0BF16B00CED788 /* Release */,
			);
			defaultConfigurationIsVisible = 0;
			defaultConfigurationName = Release;
		};
/* End XCConfigurationList section */
	};
	rootObject = BFA20DB31F0BF16B00CED788 /* Project object */;
}
